{
  "name": "truffle-template",
  "version": "0.0.1",
  "lockfileVersion": 1,
  "requires": true,
  "dependencies": {
    "@openzeppelin/contracts": {
      "version": "3.4.0",
      "resolved": "https://registry.npmmirror.com/@openzeppelin/contracts/download/@openzeppelin/contracts-3.4.0.tgz",
      "integrity": "sha1-mhZprV+f37bic7taT+0Qy0zDXrA=",
      "dev": true
    }
  }
}
